
Microsoft Visual Studio Solution File, Format Version 12.00
# Visual Studio Version 16
VisualStudioVersion = 16.0.30503.244
MinimumVisualStudioVersion = 10.0.40219.1
Project("{FAE04EC0-301F-11D3-BF4B-00C04F79EFBC}") = "BlazorRPUA.Server", "BlazorRPUA\Server\BlazorRPUA.Server.csproj", "{54BCACAF-8A8D-4A32-ADB8-7A54EA60F24A}"
EndProject
Project("{FAE04EC0-301F-11D3-BF4B-00C04F79EFBC}") = "BlazorRPUA.Client", "BlazorRPUA\Client\BlazorRPUA.Client.csproj", "{D68E9966-4CC7-4383-8504-5C8A2143155F}"
EndProject
Project("{FAE04EC0-301F-11D3-BF4B-00C04F79EFBC}") = "BlazorRPUA.Shared", "BlazorRPUA\Shared\BlazorRPUA.Shared.csproj", "{DD25AF84-3DA5-4CBA-99EC-A81F4B54B654}"
EndProject
Global
	GlobalSection(SolutionConfigurationPlatforms) = preSolution
		Debug|Any CPU = Debug|Any CPU
		Release|Any CPU = Release|Any CPU
	EndGlobalSection
	GlobalSection(ProjectConfigurationPlatforms) = postSolution
		{54BCACAF-8A8D-4A32-ADB8-7A54EA60F24A}.Debug|Any CPU.ActiveCfg = Debug|Any CPU
		{54BCACAF-8A8D-4A32-ADB8-7A54EA60F24A}.Debug|Any CPU.Build.0 = Debug|Any CPU
		{54BCACAF-8A8D-4A32-ADB8-7A54EA60F24A}.Release|Any CPU.ActiveCfg = Release|Any CPU
		{54BCACAF-8A8D-4A32-ADB8-7A54EA60F24A}.Release|Any CPU.Build.0 = Release|Any CPU
		{D68E9966-4CC7-4383-8504-5C8A2143155F}.Debug|Any CPU.ActiveCfg = Debug|Any CPU
		{D68E9966-4CC7-4383-8504-5C8A2143155F}.Debug|Any CPU.Build.0 = Debug|Any CPU
		{D68E9966-4CC7-4383-8504-5C8A2143155F}.Release|Any CPU.ActiveCfg = Release|Any CPU
		{D68E9966-4CC7-4383-8504-5C8A2143155F}.Release|Any CPU.Build.0 = Release|Any CPU
		{DD25AF84-3DA5-4CBA-99EC-A81F4B54B654}.Debug|Any CPU.ActiveCfg = Debug|Any CPU
		{DD25AF84-3DA5-4CBA-99EC-A81F4B54B654}.Debug|Any CPU.Build.0 = Debug|Any CPU
		{DD25AF84-3DA5-4CBA-99EC-A81F4B54B654}.Release|Any CPU.ActiveCfg = Release|Any CPU
		{DD25AF84-3DA5-4CBA-99EC-A81F4B54B654}.Release|Any CPU.Build.0 = Release|Any CPU
	EndGlobalSection
	GlobalSection(SolutionProperties) = preSolution
		HideSolutionNode = FALSE
	EndGlobalSection
	GlobalSection(ExtensibilityGlobals) = postSolution
		SolutionGuid = {D51A6955-8F3E-4E6D-9B21-71FB23F8579E}
	EndGlobalSection
EndGlobal
